// !$*UTF8*$!
{
	archiveVersion = 1;
	classes = {
	};
	objectVersion = 46;
	objects = {

/* Begin PBXBuildFile section */
		2727981F1A647026009E80B4 /* main.m in Sources */ = {isa = PBXBuildFile; fileRef = 2727981E1A647026009E80B4 /* main.m */; };
		272798221A647026009E80B4 /* AppDelegate.m in Sources */ = {isa = PBXBuildFile; fileRef = 272798211A647026009E80B4 /* AppDelegate.m */; };
		272798251A647026009E80B4 /* ViewController.m in Sources */ = {isa = PBXBuildFile; fileRef = 272798241A647026009E80B4 /* ViewController.m */; };
		272798281A647026009E80B4 /* Main.storyboard in Resources */ = {isa = PBXBuildFile; fileRef = 272798261A647026009E80B4 /* Main.storyboard */; };
		2727982A1A647026009E80B4 /* Images.xcassets in Resources */ = {isa = PBXBuildFile; fileRef = 272798291A647026009E80B4 /* Images.xcassets */; };
		2727982D1A647026009E80B4 /* LaunchScreen.xib in Resources */ = {isa = PBXBuildFile; fileRef = 2727982B1A647026009E80B4 /* LaunchScreen.xib */; };
		272798391A647026009E80B4 /* HelloWorldTests.m in Sources */ = {isa = PBXBuildFile; fileRef = 272798381A647026009E80B4 /* HelloWorldTests.m */; };
/* End PBXBuildFile section */

/* Begin PBXContainerItemProxy section */
		272798331A647026009E80B4 /* PBXContainerItemProxy */ = {
			isa = PBXContainerItemProxy;
			containerPortal = 272798111A647026009E80B4 /* Project object */;
			proxyType = 1;
			remoteGlobalIDString = 272798181A647026009E80B4;
			remoteInfo = HelloWorld;
		};
/* End PBXContainerItemProxy section */

/* Begin PBXFileReference section */
		272798191A647026009E80B4 /* HelloWorld.app */ = {isa = PBXFileReference; explicitFileType = wrapper.application; includeInIndex = 0; path = HelloWorld.app; sourceTree = BUILT_PRODUCTS_DIR; };
		2727981D1A647026009E80B4 /* Info.plist */ = {isa = PBXFileReference; lastKnownFileType = text.plist.xml; path = Info.plist; sourceTree = "<group>"; };
		2727981E1A647026009E80B4 /* main.m */ = {isa = PBXFileReference; lastKnownFileType = sourcecode.c.objc; path = main.m; sourceTree = "<group>"; };
		272798201A647026009E80B4 /* AppDelegate.h */ = {isa = PBXFileReference; lastKnownFileType = sourcecode.c.h; path = AppDelegate.h; sourceTree = "<group>"; };
		272798211A647026009E80B4 /* AppDelegate.m */ = {isa = PBXFileReference; lastKnownFileType = sourcecode.c.objc; path = AppDelegate.m; sourceTree = "<group>"; };
		272798231A647026009E80B4 /* ViewController.h */ = {isa = PBXFileReference; lastKnownFileType = sourcecode.c.h; path = ViewController.h; sourceTree = "<group>"; };
		272798241A647026009E80B4 /* ViewController.m */ = {isa = PBXFileReference; lastKnownFileType = sourcecode.c.objc; path = ViewController.m; sourceTree = "<group>"; };
		272798271A647026009E80B4 /* Base */ = {isa = PBXFileReference; lastKnownFileType = file.storyboard; name = Base; path = Base.lproj/Main.storyboard; sourceTree = "<group>"; };
		272798291A647026009E80B4 /* Images.xcassets */ = {isa = PBXFileReference; lastKnownFileType = folder.assetcatalog; path = Images.xcassets; sourceTree = "<group>"; };
		2727982C1A647026009E80B4 /* Base */ = {isa = PBXFileReference; lastKnownFileType = file.xib; name = Base; path = Base.lproj/LaunchScreen.xib; sourceTree = "<group>"; };
		272798321A647026009E80B4 /* HelloWorldTests.xctest */ = {isa = PBXFileReference; explicitFileType = wrapper.cfbundle; includeInIndex = 0; path = HelloWorldTests.xctest; sourceTree = BUILT_PRODUCTS_DIR; };
		272798371A647026009E80B4 /* Info.plist */ = {isa = PBXFileReference; lastKnownFileType = text.plist.xml; path = Info.plist; sourceTree = "<group>"; };
		272798381A647026009E80B4 /* HelloWorldTests.m */ = {isa = PBXFileReference; lastKnownFileType = sourcecode.c.objc; path = HelloWorldTests.m; sourceTree = "<group>"; };
/* End PBXFileReference section */

/* Begin PBXFrameworksBuildPhase section */
		272798161A647026009E80B4 /* Frameworks */ = {
			isa = PBXFrameworksBuildPhase;
			buildActionMask = 2147483647;
			files = (
			);
			runOnlyForDeploymentPostprocessing = 0;
		};
		2727982F1A647026009E80B4 /* Frameworks */ = {
			isa = PBXFrameworksBuildPhase;
			buildActionMask = 2147483647;
			files = (
			);
			runOnlyForDeploymentPostprocessing = 0;
		};
/* End PBXFrameworksBuildPhase section */

/* Begin PBXGroup section */
		272798101A647026009E80B4 = {
			isa = PBXGroup;
			children = (
				2727981B1A647026009E80B4 /* HelloWorld */,
				272798351A647026009E80B4 /* HelloWorldTests */,
				2727981A1A647026009E80B4 /* Products */,
			);
			sourceTree = "<group>";
		};
		2727981A1A647026009E80B4 /* Products */ = {
			isa = PBXGroup;
			children = (
				272798191A647026009E80B4 /* HelloWorld.app */,
				272798321A647026009E80B4 /* HelloWorldTests.xctest */,
			);
			name = Products;
			sourceTree = "<group>";
		};
		2727981B1A647026009E80B4 /* HelloWorld */ = {
			isa = PBXGroup;
			children = (
				272798201A647026009E80B4 /* AppDelegate.h */,
				272798211A647026009E80B4 /* AppDelegate.m */,
				272798231A647026009E80B4 /* ViewController.h */,
				272798241A647026009E80B4 /* ViewController.m */,
				272798261A647026009E80B4 /* Main.storyboard */,
				272798291A647026009E80B4 /* Images.xcassets */,
				2727982B1A647026009E80B4 /* LaunchScreen.xib */,
				2727981C1A647026009E80B4 /* Supporting Files */,
			);
			path = HelloWorld;
			sourceTree = "<group>";
		};
		2727981C1A647026009E80B4 /* Supporting Files */ = {
			isa = PBXGroup;
			children = (
				2727981D1A647026009E80B4 /* Info.plist */,
				2727981E1A647026009E80B4 /* main.m */,
			);
			name = "Supporting Files";
			sourceTree = "<group>";
		};
		272798351A647026009E80B4 /* HelloWorldTests */ = {
			isa = PBXGroup;
			children = (
				272798381A647026009E80B4 /* HelloWorldTests.m */,
				272798361A647026009E80B4 /* Supporting Files */,
			);
			path = HelloWorldTests;
			sourceTree = "<group>";
		};
		272798361A647026009E80B4 /* Supporting Files */ = {
			isa = PBXGroup;
			children = (
				272798371A647026009E80B4 /* Info.plist */,
			);
			name = "Supporting Files";
			sourceTree = "<group>";
		};
/* End PBXGroup section */

/* Begin PBXNativeTarget section */
		272798181A647026009E80B4 /* HelloWorld */ = {
			isa = PBXNativeTarget;
			buildConfigurationList = 2727983C1A647026009E80B4 /* Build configuration list for PBXNativeTarget "HelloWorld" */;
			buildPhases = (
				272798151A647026009E80B4 /* Sources */,
				272798161A647026009E80B4 /* Frameworks */,
				272798171A647026009E80B4 /* Resources */,
			);
			buildRules = (
			);
			dependencies = (
			);
			name = HelloWorld;
			productName = HelloWorld;
			productReference = 272798191A647026009E80B4 /* HelloWorld.app */;
			productType = "com.apple.product-type.application";
		};
		272798311A647026009E80B4 /* HelloWorldTests */ = {
			isa = PBXNativeTarget;
			buildConfigurationList = 2727983F1A647026009E80B4 /* Build configuration list for PBXNativeTarget "HelloWorldTests" */;
			buildPhases = (
				2727982E1A647026009E80B4 /* Sources */,
				2727982F1A647026009E80B4 /* Frameworks */,
				272798301A647026009E80B4 /* Resources */,
			);
			buildRules = (
			);
			dependencies = (
				272798341A647026009E80B4 /* PBXTargetDependency */,
			);
			name = HelloWorldTests;
			productName = HelloWorldTests;
			productReference = 272798321A647026009E80B4 /* HelloWorldTests.xctest */;
			productType = "com.apple.product-type.bundle.unit-test";
		};
/* End PBXNativeTarget section */

/* Begin PBXProject section */
		272798111A647026009E80B4 /* Project object */ = {
			isa = PBXProject;
			attributes = {
				LastUpgradeCheck = 0610;
				ORGANIZATIONNAME = Zhong;
				TargetAttributes = {
					272798181A647026009E80B4 = {
						CreatedOnToolsVersion = 6.1.1;
					};
					272798311A647026009E80B4 = {
						CreatedOnToolsVersion = 6.1.1;
						TestTargetID = 272798181A647026009E80B4;
					};
				};
			};
			buildConfigurationList = 272798141A647026009E80B4 /* Build configuration list for PBXProject "HelloWorld" */;
			compatibilityVersion = "Xcode 3.2";
			developmentRegion = English;
			hasScannedForEncodings = 0;
			knownRegions = (
				en,
				Base,
			);
			mainGroup = 272798101A647026009E80B4;
			productRefGroup = 2727981A1A647026009E80B4 /* Products */;
			projectDirPath = "";
			projectRoot = "";
			targets = (
				272798181A647026009E80B4 /* HelloWorld */,
				272798311A647026009E80B4 /* HelloWorldTests */,
			);
		};
/* End PBXProject section */

/* Begin PBXResourcesBuildPhase section */
		272798171A647026009E80B4 /* Resources */ = {
			isa = PBXResourcesBuildPhase;
			buildActionMask = 2147483647;
			files = (
				272798281A647026009E80B4 /* Main.storyboard in Resources */,
				2727982D1A647026009E80B4 /* LaunchScreen.xib in Resources */,
				2727982A1A647026009E80B4 /* Images.xcassets in Resources */,
			);
			runOnlyForDeploymentPostprocessing = 0;
		};
		272798301A647026009E80B4 /* Resources */ = {
			isa = PBXResourcesBuildPhase;
			buildActionMask = 2147483647;
			files = (
			);
			runOnlyForDeploymentPostprocessing = 0;
		};
/* End PBXResourcesBuildPhase section */

/* Begin PBXSourcesBuildPhase section */
		272798151A647026009E80B4 /* Sources */ = {
			isa = PBXSourcesBuildPhase;
			buildActionMask = 2147483647;
			files = (
				272798251A647026009E80B4 /* ViewController.m in Sources */,
				272798221A647026009E80B4 /* AppDelegate.m in Sources */,
				2727981F1A647026009E80B4 /* main.m in Sources */,
			);
			runOnlyForDeploymentPostprocessing = 0;
		};
		2727982E1A647026009E80B4 /* Sources */ = {
			isa = PBXSourcesBuildPhase;
			buildActionMask = 2147483647;
			files = (
				272798391A647026009E80B4 /* HelloWorldTests.m in Sources */,
			);
			runOnlyForDeploymentPostprocessing = 0;
		};
/* End PBXSourcesBuildPhase section */

/* Begin PBXTargetDependency section */
		272798341A647026009E80B4 /* PBXTargetDependency */ = {
			isa = PBXTargetDependency;
			target = 272798181A647026009E80B4 /* HelloWorld */;
			targetProxy = 272798331A647026009E80B4 /* PBXContainerItemProxy */;
		};
/* End PBXTargetDependency section */

/* Begin PBXVariantGroup section */
		272798261A647026009E80B4 /* Main.storyboard */ = {
			isa = PBXVariantGroup;
			children = (
				272798271A647026009E80B4 /* Base */,
			);
			name = Main.storyboard;
			sourceTree = "<group>";
		};
		2727982B1A647026009E80B4 /* LaunchScreen.xib */ = {
			isa = PBXVariantGroup;
			children = (
				2727982C1A647026009E80B4 /* Base */,
			);
			name = LaunchScreen.xib;
			sourceTree = "<group>";
		};
/* End PBXVariantGroup section */

/* Begin XCBuildConfiguration section */
		2727983A1A647026009E80B4 /* Debug */ = {
			isa = XCBuildConfiguration;
			buildSettings = {
				ALWAYS_SEARCH_USER_PATHS = NO;
				CLANG_CXX_LANGUAGE_STANDARD = "gnu++0x";
				CLANG_CXX_LIBRARY = "libc++";
				CLANG_ENABLE_MODULES = YES;
				CLANG_ENABLE_OBJC_ARC = YES;
				CLANG_WARN_BOOL_CONVERSION = YES;
				CLANG_WARN_CONSTANT_CONVERSION = YES;
				CLANG_WARN_DIRECT_OBJC_ISA_USAGE = YES_ERROR;
				CLANG_WARN_EMPTY_BODY = YES;
				CLANG_WARN_ENUM_CONVERSION = YES;
				CLANG_WARN_INT_CONVERSION = YES;
				CLANG_WARN_OBJC_ROOT_CLASS = YES_ERROR;
				CLANG_WARN_UNREACHABLE_CODE = YES;
				CLANG_WARN__DUPLICATE_METHOD_MATCH = YES;
				"CODE_SIGN_IDENTITY[sdk=iphoneos*]" = "iPhone Developer";
				COPY_PHASE_STRIP = NO;
				ENABLE_STRICT_OBJC_MSGSEND = YES;
				GCC_C_LANGUAGE_STANDARD = gnu99;
				GCC_DYNAMIC_NO_PIC = NO;
				GCC_OPTIMIZATION_LEVEL = 0;
				GCC_PREPROCESSOR_DEFINITIONS = (
					"DEBUG=1",
					"$(inherited)",
				);
				GCC_SYMBOLS_PRIVATE_EXTERN = NO;
				GCC_WARN_64_TO_32_BIT_CONVERSION = YES;
				GCC_WARN_ABOUT_RETURN_TYPE = YES_ERROR;
				GCC_WARN_UNDECLARED_SELECTOR = YES;
				GCC_WARN_UNINITIALIZED_AUTOS = YES_AGGRESSIVE;
				GCC_WARN_UNUSED_FUNCTION = YES;
				GCC_WARN_UNUSED_VARIABLE = YES;
				IPHONEOS_DEPLOYMENT_TARGET = 8.1;
				MTL_ENABLE_DEBUG_INFO = YES;
				ONLY_ACTIVE_ARCH = YES;
				SDKROOT = iphoneos;
			};
			name = Debug;
		};
		2727983B1A647026009E80B4 /* Release */ = {
			isa = XCBuildConfiguration;
			buildSettings = {
				ALWAYS_SEARCH_USER_PATHS = NO;
				CLANG_CXX_LANGUAGE_STANDARD = "gnu++0x";
				CLANG_CXX_LIBRARY = "libc++";
				CLANG_ENABLE_MODULES = YES;
				CLANG_ENABLE_OBJC_ARC = YES;
				CLANG_WARN_BOOL_CONVERSION = YES;
				CLANG_WARN_CONSTANT_CONVERSION = YES;
				CLANG_WARN_DIRECT_OBJC_ISA_USAGE = YES_ERROR;
				CLANG_WARN_EMPTY_BODY = YES;
				CLANG_WARN_ENUM_CONVERSION = YES;
				CLANG_WARN_INT_CONVERSION = YES;
				CLANG_WARN_OBJC_ROOT_CLASS = YES_ERROR;
				CLANG_WARN_UNREACHABLE_CODE = YES;
				CLANG_WARN__DUPLICATE_METHOD_MATCH = YES;
				"CODE_SIGN_IDENTITY[sdk=iphoneos*]" = "iPhone Developer";
				COPY_PHASE_STRIP = YES;
				ENABLE_NS_ASSERTIONS = NO;
				ENABLE_STRICT_OBJC_MSGSEND = YES;
				GCC_C_LANGUAGE_STANDARD = gnu99;
				GCC_WARN_64_TO_32_BIT_CONVERSION = YES;
				GCC_WARN_ABOUT_RETURN_TYPE = YES_ERROR;
				GCC_WARN_UNDECLARED_SELECTOR = YES;
				GCC_WARN_UNINITIALIZED_AUTOS = YES_AGGRESSIVE;
				GCC_WARN_UNUSED_FUNCTION = YES;
				GCC_WARN_UNUSED_VARIABLE = YES;
				IPHONEOS_DEPLOYMENT_TARGET = 8.1;
				MTL_ENABLE_DEBUG_INFO = NO;
				SDKROOT = iphoneos;
				VALIDATE_PRODUCT = YES;
			};
			name = Release;
		};
		2727983D1A647026009E80B4 /* Debug */ = {
			isa = XCBuildConfiguration;
			buildSettings = {
				ASSETCATALOG_COMPILER_APPICON_NAME = AppIcon;
				INFOPLIST_FILE = HelloWorld/Info.plist;
				LD_RUNPATH_SEARCH_PATHS = "$(inherited) @executable_path/Frameworks";
				PRODUCT_NAME = "$(TARGET_NAME)";
			};
			name = Debug;
		};
		2727983E1A647026009E80B4 /* Release */ = {
			isa = XCBuildConfiguration;
			buildSettings = {
				ASSETCATALOG_COMPILER_APPICON_NAME = AppIcon;
				INFOPLIST_FILE = HelloWorld/Info.plist;
				LD_RUNPATH_SEARCH_PATHS = "$(inherited) @executable_path/Frameworks";
				PRODUCT_NAME = "$(TARGET_NAME)";
			};
			name = Release;
		};
		272798401A647026009E80B4 /* Debug */ = {
			isa = XCBuildConfiguration;
			buildSettings = {
				BUNDLE_LOADER = "$(TEST_HOST)";
				FRAMEWORK_SEARCH_PATHS = (
					"$(SDKROOT)/Developer/Library/Frameworks",
					"$(inherited)",
				);
				GCC_PREPROCESSOR_DEFINITIONS = (
					"DEBUG=1",
					"$(inherited)",
				);
				INFOPLIST_FILE = HelloWorldTests/Info.plist;
				LD_RUNPATH_SEARCH_PATHS = "$(inherited) @executable_path/Frameworks @loader_path/Frameworks";
				PRODUCT_NAME = "$(TARGET_NAME)";
				TEST_HOST = "$(BUILT_PRODUCTS_DIR)/HelloWorld.app/HelloWorld";
			};
			name = Debug;
		};
		272798411A647026009E80B4 /* Release */ = {
			isa = XCBuildConfiguration;
			buildSettings = {
				BUNDLE_LOADER = "$(TEST_HOST)";
				FRAMEWORK_SEARCH_PATHS = (
					"$(SDKROOT)/Developer/Library/Frameworks",
					"$(inherited)",
				);
				INFOPLIST_FILE = HelloWorldTests/Info.plist;
				LD_RUNPATH_SEARCH_PATHS = "$(inherited) @executable_path/Frameworks @loader_path/Frameworks";
				PRODUCT_NAME = "$(TARGET_NAME)";
				TEST_HOST = "$(BUILT_PRODUCTS_DIR)/HelloWorld.app/HelloWorld";
			};
			name = Release;
		};
/* End XCBuildConfiguration section */

/* Begin XCConfigurationList section */
		272798141A647026009E80B4 /* Build configuration list for PBXProject "HelloWorld" */ = {
			isa = XCConfigurationList;
			buildConfigurations = (
				2727983A1A647026009E80B4 /* Debug */,
				2727983B1A647026009E80B4 /* Release */,
			);
			defaultConfigurationIsVisible = 0;
			defaultConfigurationName = Release;
		};
		2727983C1A647026009E80B4 /* Build configuration list for PBXNativeTarget "HelloWorld" */ = {
			isa = XCConfigurationList;
			buildConfigurations = (
				2727983D1A647026009E80B4 /* Debug */,
				2727983E1A647026009E80B4 /* Release */,
			);
			defaultConfigurationIsVisible = 0;
		};
		2727983F1A647026009E80B4 /* Build configuration list for PBXNativeTarget "HelloWorldTests" */ = {
			isa = XCConfigurationList;
			buildConfigurations = (
				272798401A647026009E80B4 /* Debug */,
				272798411A647026009E80B4 /* Release */,
			);
			defaultConfigurationIsVisible = 0;
		};
/* End XCConfigurationList section */
	};
	rootObject = 272798111A647026009E80B4 /* Project object */;
}
